PODS:
  - AppAuth (1.6.2):
    - AppAuth/Core (= 1.6.2)
    - AppAuth/ExternalUserAgent (= 1.6.2)
  - AppAuth/Core (1.6.2)
  - AppAuth/ExternalUserAgent (1.6.2):
    - AppAuth/Core
  - appcenter-analytics (4.4.3):
    - AppCenter/Analytics (~> 4.0)
    - AppCenterReactNativeShared (~> 4.0)
    - React-Core
  - appcenter-core (4.4.3):
    - AppCenterReactNativeShared (~> 4.0)
    - React-Core
  - appcenter-crashes (4.4.3):
    - AppCenter/Crashes (~> 4.0)
    - AppCenterReactNativeShared (~> 4.0)
    - React-Core
  - AppCenter/Analytics (4.4.3):
    - AppCenter/Core
  - AppCenter/Core (4.4.3)
  - AppCenter/Crashes (4.4.3):
    - AppCenter/Core
  - AppCenterReactNativeShared (4.4.5):
    - AppCenter/Core (= 4.4.3)
  - boost (1.76.0)
  - boost-for-react-native (1.63.0)
  - DoubleConversion (1.1.6)
  - FBLazyVector (0.67.0)
  - FBReactNativeSpec (0.67.0):
    - RCT-Folly (= 2021.06.28.00-v2)
    - RCTRequired (= 0.67.0)
    - RCTTypeSafety (= 0.67.0)
    - React-Core (= 0.67.0)
    - React-jsi (= 0.67.0)
    - ReactCommon/turbomodule/core (= 0.67.0)
  - Firebase/Analytics (7.11.0):
    - Firebase/Core
  - Firebase/Core (7.11.0):
    - Firebase/CoreOnly
    - FirebaseAnalytics (~> 7.11.0)
  - Firebase/CoreOnly (7.11.0):
    - FirebaseCore (= 7.11.0)
  - Firebase/InAppMessaging (7.11.0):
    - Firebase/CoreOnly
    - FirebaseInAppMessaging (~> 7.11.0-beta)
  - Firebase/Messaging (7.11.0):
    - Firebase/CoreOnly
    - FirebaseMessaging (~> 7.11.0)
  - FirebaseABTesting (7.11.0):
    - FirebaseCore (~> 7.0)
  - FirebaseAnalytics (7.11.0):
    - FirebaseAnalytics/AdIdSupport (= 7.11.0)
    - FirebaseCore (~> 7.0)
    - FirebaseInstallations (~> 7.0)
    - GoogleUtilities/AppDelegateSwizzler (~> 7.0)
    - GoogleUtilities/MethodSwizzler (~> 7.0)
    - GoogleUtilities/Network (~> 7.0)
    - "GoogleUtilities/NSData+zlib (~> 7.0)"
    - nanopb (~> 2.30908.0)
  - FirebaseAnalytics/AdIdSupport (7.11.0):
    - FirebaseAnalytics/Base (= 7.11.0)
    - FirebaseCore (~> 7.0)
    - FirebaseInstallations (~> 7.0)
    - GoogleAppMeasurement/AdIdSupport (= 7.11.0)
    - GoogleUtilities/AppDelegateSwizzler (~> 7.0)
    - GoogleUtilities/MethodSwizzler (~> 7.0)
    - GoogleUtilities/Network (~> 7.0)
    - "GoogleUtilities/NSData+zlib (~> 7.0)"
    - nanopb (~> 2.30908.0)
  - FirebaseAnalytics/Base (7.11.0):
    - FirebaseCore (~> 7.0)
    - FirebaseInstallations (~> 7.0)
    - GoogleUtilities/AppDelegateSwizzler (~> 7.0)
    - GoogleUtilities/MethodSwizzler (~> 7.0)
    - GoogleUtilities/Network (~> 7.0)
    - "GoogleUtilities/NSData+zlib (~> 7.0)"
    - nanopb (~> 2.30908.0)
  - FirebaseCore (7.11.0):
    - FirebaseCoreDiagnostics (~> 7.4)
    - GoogleUtilities/Environment (~> 7.0)
    - GoogleUtilities/Logger (~> 7.0)
  - FirebaseCoreDiagnostics (7.11.0):
    - GoogleDataTransport (~> 8.4)
    - GoogleUtilities/Environment (~> 7.0)
    - GoogleUtilities/Logger (~> 7.0)
    - nanopb (~> 2.30908.0)
  - FirebaseInAppMessaging (7.11.0-beta):
    - FirebaseABTesting (~> 7.0)
    - FirebaseCore (~> 7.0)
    - FirebaseInstallations (~> 7.0)
    - GoogleUtilities/Environment (~> 7.0)
    - nanopb (~> 2.30908.0)
  - FirebaseInstallations (7.11.0):
    - FirebaseCore (~> 7.0)
    - GoogleUtilities/Environment (~> 7.0)
    - GoogleUtilities/UserDefaults (~> 7.0)
    - PromisesObjC (~> 1.2)
  - FirebaseInstanceID (7.11.0):
    - FirebaseCore (~> 7.0)
    - FirebaseInstallations (~> 7.0)
    - GoogleUtilities/Environment (~> 7.0)
    - GoogleUtilities/UserDefaults (~> 7.0)
  - FirebaseMessaging (7.11.0):
    - FirebaseCore (~> 7.0)
    - FirebaseInstallations (~> 7.0)
    - FirebaseInstanceID (~> 7.0)
    - GoogleUtilities/AppDelegateSwizzler (~> 7.0)
    - GoogleUtilities/Environment (~> 7.0)
    - GoogleUtilities/Reachability (~> 7.0)
    - GoogleUtilities/UserDefaults (~> 7.0)
  - Flipper-DoubleConversion (3.2.0.1)
  - Flipper-Folly (2.5.3):
    - boost-for-react-native
    - Flipper-DoubleConversion
    - Flipper-Glog
    - libevent (~> 2.1.12)
    - OpenSSL-Universal (= 1.1.180)
  - Flipper-Glog (0.5.0.5)
  - fmt (6.2.1)
  - glog (0.3.5)
  - GoogleAppMeasurement/AdIdSupport (7.11.0):
    - GoogleUtilities/AppDelegateSwizzler (~> 7.0)
    - GoogleUtilities/MethodSwizzler (~> 7.0)
    - GoogleUtilities/Network (~> 7.0)
    - "GoogleUtilities/NSData+zlib (~> 7.0)"
    - nanopb (~> 2.30908.0)
  - GoogleDataTransport (8.4.0):
    - GoogleUtilities/Environment (~> 7.2)
    - nanopb (~> 2.30908.0)
    - PromisesObjC (~> 1.2)
  - GoogleSignIn (6.2.4):
    - AppAuth (~> 1.5)
    - GTMAppAuth (~> 1.3)
    - GTMSessionFetcher/Core (< 3.0, >= 1.1)
  - GoogleUtilities/AppDelegateSwizzler (7.11.5):
    - GoogleUtilities/Environment
    - GoogleUtilities/Logger
    - GoogleUtilities/Network
  - GoogleUtilities/Environment (7.11.5):
    - PromisesObjC (< 3.0, >= 1.2)
  - GoogleUtilities/Logger (7.11.5):
    - GoogleUtilities/Environment
  - GoogleUtilities/MethodSwizzler (7.11.5):
    - GoogleUtilities/Logger
  - GoogleUtilities/Network (7.11.5):
    - GoogleUtilities/Logger
    - "GoogleUtilities/NSData+zlib"
    - GoogleUtilities/Reachability
  - "GoogleUtilities/NSData+zlib (7.11.5)"
  - GoogleUtilities/Reachability (7.11.5):
    - GoogleUtilities/Logger
  - GoogleUtilities/UserDefaults (7.11.5):
    - GoogleUtilities/Logger
  - GTMAppAuth (1.3.1):
    - AppAuth/Core (~> 1.6)
    - GTMSessionFetcher/Core (< 3.0, >= 1.5)
  - GTMSessionFetcher/Core (2.3.0)
  - hermes-engine (0.9.0)
  - libevent (2.1.12)
  - nanopb (2.30908.0):
    - nanopb/decode (= 2.30908.0)
    - nanopb/encode (= 2.30908.0)
  - nanopb/decode (2.30908.0)
  - nanopb/encode (2.30908.0)
  - OpenSSL-Universal (1.1.180)
  - PromisesObjC (1.2.12)
  - RCT-Folly (2021.06.28.00-v2):
    - boost
    - DoubleConversion
    - fmt (~> 6.2.1)
    - glog
    - RCT-Folly/Default (= 2021.06.28.00-v2)
  - RCT-Folly/Default (2021.06.28.00-v2):
    - boost
    - DoubleConversion
    - fmt (~> 6.2.1)
    - glog
  - RCT-Folly/Futures (2021.06.28.00-v2):
    - boost
    - DoubleConversion
    - fmt (~> 6.2.1)
    - glog
    - libevent
  - RCTRequired (0.67.0)
  - RCTTypeSafety (0.67.0):
    - FBLazyVector (= 0.67.0)
    - RCT-Folly (= 2021.06.28.00-v2)
    - RCTRequired (= 0.67.0)
    - React-Core (= 0.67.0)
  - React (0.67.0):
    - React-Core (= 0.67.0)
    - React-Core/DevSupport (= 0.67.0)
    - React-Core/RCTWebSocket (= 0.67.0)
    - React-RCTActionSheet (= 0.67.0)
    - React-RCTAnimation (= 0.67.0)
    - React-RCTBlob (= 0.67.0)
    - React-RCTImage (= 0.67.0)
    - React-RCTLinking (= 0.67.0)
    - React-RCTNetwork (= 0.67.0)
    - React-RCTSettings (= 0.67.0)
    - React-RCTText (= 0.67.0)
    - React-RCTVibration (= 0.67.0)
  - React-callinvoker (0.67.0)
  - React-Core (0.67.0):
    - glog
    - RCT-Folly (= 2021.06.28.00-v2)
    - React-Core/Default (= 0.67.0)
    - React-cxxreact (= 0.67.0)
    - React-jsi (= 0.67.0)
    - React-jsiexecutor (= 0.67.0)
    - React-perflogger (= 0.67.0)
    - Yoga
  - React-Core/CoreModulesHeaders (0.67.0):
    - glog
    - RCT-Folly (= 2021.06.28.00-v2)
    - React-Core/Default
    - React-cxxreact (= 0.67.0)
    - React-jsi (= 0.67.0)
    - React-jsiexecutor (= 0.67.0)
    - React-perflogger (= 0.67.0)
    - Yoga
  - React-Core/Default (0.67.0):
    - glog
    - RCT-Folly (= 2021.06.28.00-v2)
    - React-cxxreact (= 0.67.0)
    - React-jsi (= 0.67.0)
    - React-jsiexecutor (= 0.67.0)
    - React-perflogger (= 0.67.0)
    - Yoga
  - React-Core/DevSupport (0.67.0):
    - glog
    - RCT-Folly (= 2021.06.28.00-v2)
    - React-Core/Default (= 0.67.0)
    - React-Core/RCTWebSocket (= 0.67.0)
    - React-cxxreact (= 0.67.0)
    - React-jsi (= 0.67.0)
    - React-jsiexecutor (= 0.67.0)
    - React-jsinspector (= 0.67.0)
    - React-perflogger (= 0.67.0)
    - Yoga
  - React-Core/RCTActionSheetHeaders (0.67.0):
    - glog
    - RCT-Folly (= 2021.06.28.00-v2)
    - React-Core/Default
    - React-cxxreact (= 0.67.0)
    - React-jsi (= 0.67.0)
    - React-jsiexecutor (= 0.67.0)
    - React-perflogger (= 0.67.0)
    - Yoga
  - React-Core/RCTAnimationHeaders (0.67.0):
    - glog
    - RCT-Folly (= 2021.06.28.00-v2)
    - React-Core/Default
    - React-cxxreact (= 0.67.0)
    - React-jsi (= 0.67.0)
    - React-jsiexecutor (= 0.67.0)
    - React-perflogger (= 0.67.0)
    - Yoga
  - React-Core/RCTBlobHeaders (0.67.0):
    - glog
    - RCT-Folly (= 2021.06.28.00-v2)
    - React-Core/Default
    - React-cxxreact (= 0.67.0)
    - React-jsi (= 0.67.0)
    - React-jsiexecutor (= 0.67.0)
    - React-perflogger (= 0.67.0)
    - Yoga
  - React-Core/RCTImageHeaders (0.67.0):
    - glog
    - RCT-Folly (= 2021.06.28.00-v2)
    - React-Core/Default
    - React-cxxreact (= 0.67.0)
    - React-jsi (= 0.67.0)
    - React-jsiexecutor (= 0.67.0)
    - React-perflogger (= 0.67.0)
    - Yoga
  - React-Core/RCTLinkingHeaders (0.67.0):
    - glog
    - RCT-Folly (= 2021.06.28.00-v2)
    - React-Core/Default
    - React-cxxreact (= 0.67.0)
    - React-jsi (= 0.67.0)
    - React-jsiexecutor (= 0.67.0)
    - React-perflogger (= 0.67.0)
    - Yoga
  - React-Core/RCTNetworkHeaders (0.67.0):
    - glog
    - RCT-Folly (= 2021.06.28.00-v2)
    - React-Core/Default
    - React-cxxreact (= 0.67.0)
    - React-jsi (= 0.67.0)
    - React-jsiexecutor (= 0.67.0)
    - React-perflogger (= 0.67.0)
    - Yoga
  - React-Core/RCTSettingsHeaders (0.67.0):
    - glog
    - RCT-Folly (= 2021.06.28.00-v2)
    - React-Core/Default
    - React-cxxreact (= 0.67.0)
    - React-jsi (= 0.67.0)
    - React-jsiexecutor (= 0.67.0)
    - React-perflogger (= 0.67.0)
    - Yoga
  - React-Core/RCTTextHeaders (0.67.0):
    - glog
    - RCT-Folly (= 2021.06.28.00-v2)
    - React-Core/Default
    - React-cxxreact (= 0.67.0)
    - React-jsi (= 0.67.0)
    - React-jsiexecutor (= 0.67.0)
    - React-perflogger (= 0.67.0)
    - Yoga
  - React-Core/RCTVibrationHeaders (0.67.0):
    - glog
    - RCT-Folly (= 2021.06.28.00-v2)
    - React-Core/Default
    - React-cxxreact (= 0.67.0)
    - React-jsi (= 0.67.0)
    - React-jsiexecutor (= 0.67.0)
    - React-perflogger (= 0.67.0)
    - Yoga
  - React-Core/RCTWebSocket (0.67.0):
    - glog
    - RCT-Folly (= 2021.06.28.00-v2)
    - React-Core/Default (= 0.67.0)
    - React-cxxreact (= 0.67.0)
    - React-jsi (= 0.67.0)
    - React-jsiexecutor (= 0.67.0)
    - React-perflogger (= 0.67.0)
    - Yoga
  - React-CoreModules (0.67.0):
    - FBReactNativeSpec (= 0.67.0)
    - RCT-Folly (= 2021.06.28.00-v2)
    - RCTTypeSafety (= 0.67.0)
    - React-Core/CoreModulesHeaders (= 0.67.0)
    - React-jsi (= 0.67.0)
    - React-RCTImage (= 0.67.0)
    - ReactCommon/turbomodule/core (= 0.67.0)
  - React-cxxreact (0.67.0):
    - boost (= 1.76.0)
    - DoubleConversion
    - glog
    - RCT-Folly (= 2021.06.28.00-v2)
    - React-callinvoker (= 0.67.0)
    - React-jsi (= 0.67.0)
    - React-jsinspector (= 0.67.0)
    - React-logger (= 0.67.0)
    - React-perflogger (= 0.67.0)
    - React-runtimeexecutor (= 0.67.0)
  - React-hermes (0.67.0):
    - DoubleConversion
    - glog
    - hermes-engine
    - RCT-Folly (= 2021.06.28.00-v2)
    - RCT-Folly/Futures (= 2021.06.28.00-v2)
    - React-cxxreact (= 0.67.0)
    - React-jsi (= 0.67.0)
    - React-jsiexecutor (= 0.67.0)
    - React-jsinspector (= 0.67.0)
    - React-perflogger (= 0.67.0)
  - React-jsi (0.67.0):
    - boost (= 1.76.0)
    - DoubleConversion
    - glog
    - RCT-Folly (= 2021.06.28.00-v2)
    - React-jsi/Default (= 0.67.0)
  - React-jsi/Default (0.67.0):
    - boost (= 1.76.0)
    - DoubleConversion
    - glog
    - RCT-Folly (= 2021.06.28.00-v2)
  - React-jsiexecutor (0.67.0):
    - DoubleConversion
    - glog
    - RCT-Folly (= 2021.06.28.00-v2)
    - React-cxxreact (= 0.67.0)
    - React-jsi (= 0.67.0)
    - React-perflogger (= 0.67.0)
  - React-jsinspector (0.67.0)
  - React-logger (0.67.0):
    - glog
  - react-native-encrypted-storage (4.0.2):
    - React-Core
  - react-native-safe-area-context (0.7.3):
    - React
  - react-native-version-check (3.4.6):
    - React-Core
  - React-perflogger (0.67.0)
  - React-RCTActionSheet (0.67.0):
    - React-Core/RCTActionSheetHeaders (= 0.67.0)
  - React-RCTAnimation (0.67.0):
    - FBReactNativeSpec (= 0.67.0)
    - RCT-Folly (= 2021.06.28.00-v2)
    - RCTTypeSafety (= 0.67.0)
    - React-Core/RCTAnimationHeaders (= 0.67.0)
    - React-jsi (= 0.67.0)
    - ReactCommon/turbomodule/core (= 0.67.0)
  - React-RCTBlob (0.67.0):
    - FBReactNativeSpec (= 0.67.0)
    - RCT-Folly (= 2021.06.28.00-v2)
    - React-Core/RCTBlobHeaders (= 0.67.0)
    - React-Core/RCTWebSocket (= 0.67.0)
    - React-jsi (= 0.67.0)
    - React-RCTNetwork (= 0.67.0)
    - ReactCommon/turbomodule/core (= 0.67.0)
  - React-RCTImage (0.67.0):
    - FBReactNativeSpec (= 0.67.0)
    - RCT-Folly (= 2021.06.28.00-v2)
    - RCTTypeSafety (= 0.67.0)
    - React-Core/RCTImageHeaders (= 0.67.0)
    - React-jsi (= 0.67.0)
    - React-RCTNetwork (= 0.67.0)
    - ReactCommon/turbomodule/core (= 0.67.0)
  - React-RCTLinking (0.67.0):
    - FBReactNativeSpec (= 0.67.0)
    - React-Core/RCTLinkingHeaders (= 0.67.0)
    - React-jsi (= 0.67.0)
    - ReactCommon/turbomodule/core (= 0.67.0)
  - React-RCTNetwork (0.67.0):
    - FBReactNativeSpec (= 0.67.0)
    - RCT-Folly (= 2021.06.28.00-v2)
    - RCTTypeSafety (= 0.67.0)
    - React-Core/RCTNetworkHeaders (= 0.67.0)
    - React-jsi (= 0.67.0)
    - ReactCommon/turbomodule/core (= 0.67.0)
  - React-RCTSettings (0.67.0):
    - FBReactNativeSpec (= 0.67.0)
    - RCT-Folly (= 2021.06.28.00-v2)
    - RCTTypeSafety (= 0.67.0)
    - React-Core/RCTSettingsHeaders (= 0.67.0)
    - React-jsi (= 0.67.0)
    - ReactCommon/turbomodule/core (= 0.67.0)
  - React-RCTText (0.67.0):
    - React-Core/RCTTextHeaders (= 0.67.0)
  - React-RCTVibration (0.67.0):
    - FBReactNativeSpec (= 0.67.0)
    - RCT-Folly (= 2021.06.28.00-v2)
    - React-Core/RCTVibrationHeaders (= 0.67.0)
    - React-jsi (= 0.67.0)
    - ReactCommon/turbomodule/core (= 0.67.0)
  - React-runtimeexecutor (0.67.0):
    - React-jsi (= 0.67.0)
  - ReactCommon/turbomodule/core (0.67.0):
    - DoubleConversion
    - glog
    - RCT-Folly (= 2021.06.28.00-v2)
    - React-callinvoker (= 0.67.0)
    - React-Core (= 0.67.0)
    - React-cxxreact (= 0.67.0)
    - React-jsi (= 0.67.0)
    - React-logger (= 0.67.0)
    - React-perflogger (= 0.67.0)
  - ReactNativeART (1.2.0):
    - React
  - RNCAsyncStorage (1.17.11):
    - React-Core
  - RNCMaskedView (0.1.10):
    - React
  - RNDeviceInfo (8.4.0):
    - React-Core
  - RNFBApp (11.4.1):
    - Firebase/CoreOnly (= 7.11.0)
    - React-Core
  - RNFBMessaging (11.4.1):
    - Firebase/Messaging (= 7.11.0)
    - React-Core
    - RNFBApp
  - RNGestureHandler (1.10.3):
    - React-Core
  - RNGoogleSignin (9.0.2):
    - GoogleSignIn (~> 6.2)
    - React-Core
  - RNLocalize (2.2.1):
    - React-Core
  - RNReanimated (2.3.1):
    - DoubleConversion
    - FBLazyVector
    - FBReactNativeSpec
    - glog
    - RCT-Folly
    - RCTRequired
    - RCTTypeSafety
    - React
    - React-callinvoker
    - React-Core
    - React-Core/DevSupport
    - React-Core/RCTWebSocket
    - React-CoreModules
    - React-cxxreact
    - React-jsi
    - React-jsiexecutor
    - React-jsinspector
    - React-RCTActionSheet
    - React-RCTAnimation
    - React-RCTBlob
    - React-RCTImage
    - React-RCTLinking
    - React-RCTNetwork
    - React-RCTSettings
    - React-RCTText
    - ReactCommon/turbomodule/core
    - Yoga
  - RNScreens (2.18.1):
    - React-Core
  - RNVectorIcons (7.1.0):
    - React
  - toolbar-android (0.2.1):
    - React
  - Yoga (1.14.0)

DEPENDENCIES:
  - appcenter-analytics (from `../node_modules/appcenter-analytics/ios`)
  - appcenter-core (from `../node_modules/appcenter/ios`)
  - appcenter-crashes (from `../node_modules/appcenter-crashes/ios`)
  - boost (from `../node_modules/react-native/third-party-podspecs/boost.podspec`)
  - DoubleConversion (from `../node_modules/react-native/third-party-podspecs/DoubleConversion.podspec`)
  - FBLazyVector (from `../node_modules/react-native/Libraries/FBLazyVector`)
  - FBReactNativeSpec (from `../node_modules/react-native/React/FBReactNativeSpec`)
  - Firebase/Analytics
  - Firebase/InAppMessaging
  - Firebase/Messaging
  - Flipper-Folly (~> 2.5.3)
  - glog (from `../node_modules/react-native/third-party-podspecs/glog.podspec`)
  - hermes-engine (~> 0.9.0)
  - libevent (~> 2.1.12)
  - RCT-Folly (from `../node_modules/react-native/third-party-podspecs/RCT-Folly.podspec`)
  - RCTRequired (from `../node_modules/react-native/Libraries/RCTRequired`)
  - RCTTypeSafety (from `../node_modules/react-native/Libraries/TypeSafety`)
  - React (from `../node_modules/react-native/`)
  - React-callinvoker (from `../node_modules/react-native/ReactCommon/callinvoker`)
  - React-Core (from `../node_modules/react-native/`)
  - React-Core/DevSupport (from `../node_modules/react-native/`)
  - React-Core/RCTWebSocket (from `../node_modules/react-native/`)
  - React-CoreModules (from `../node_modules/react-native/React/CoreModules`)
  - React-cxxreact (from `../node_modules/react-native/ReactCommon/cxxreact`)
  - React-hermes (from `../node_modules/react-native/ReactCommon/hermes`)
  - React-jsi (from `../node_modules/react-native/ReactCommon/jsi`)
  - React-jsiexecutor (from `../node_modules/react-native/ReactCommon/jsiexecutor`)
  - React-jsinspector (from `../node_modules/react-native/ReactCommon/jsinspector`)
  - React-logger (from `../node_modules/react-native/ReactCommon/logger`)
  - react-native-encrypted-storage (from `../node_modules/react-native-encrypted-storage`)
  - react-native-safe-area-context (from `../node_modules/react-native-safe-area-context`)
  - react-native-version-check (from `../node_modules/react-native-version-check`)
  - React-perflogger (from `../node_modules/react-native/ReactCommon/reactperflogger`)
  - React-RCTActionSheet (from `../node_modules/react-native/Libraries/ActionSheetIOS`)
  - React-RCTAnimation (from `../node_modules/react-native/Libraries/NativeAnimation`)
  - React-RCTBlob (from `../node_modules/react-native/Libraries/Blob`)
  - React-RCTImage (from `../node_modules/react-native/Libraries/Image`)
  - React-RCTLinking (from `../node_modules/react-native/Libraries/LinkingIOS`)
  - React-RCTNetwork (from `../node_modules/react-native/Libraries/Network`)
  - React-RCTSettings (from `../node_modules/react-native/Libraries/Settings`)
  - React-RCTText (from `../node_modules/react-native/Libraries/Text`)
  - React-RCTVibration (from `../node_modules/react-native/Libraries/Vibration`)
  - React-runtimeexecutor (from `../node_modules/react-native/ReactCommon/runtimeexecutor`)
  - ReactCommon/turbomodule/core (from `../node_modules/react-native/ReactCommon`)
  - "ReactNativeART (from `../node_modules/@react-native-community/art`)"
  - "RNCAsyncStorage (from `../node_modules/@react-native-async-storage/async-storage`)"
  - "RNCMaskedView (from `../node_modules/@react-native-community/masked-view`)"
  - RNDeviceInfo (from `../node_modules/react-native-device-info`)
  - "RNFBApp (from `../node_modules/@react-native-firebase/app`)"
  - "RNFBMessaging (from `../node_modules/@react-native-firebase/messaging`)"
  - RNGestureHandler (from `../node_modules/react-native-gesture-handler`)
  - "RNGoogleSignin (from `../node_modules/@react-native-google-signin/google-signin`)"
  - RNLocalize (from `../node_modules/react-native-localize`)
  - RNReanimated (from `../node_modules/react-native-reanimated`)
  - RNScreens (from `../node_modules/react-native-screens`)
  - RNVectorIcons (from `../node_modules/react-native-vector-icons`)
  - "toolbar-android (from `../node_modules/@react-native-community/toolbar-android`)"
  - Yoga (from `../node_modules/react-native/ReactCommon/yoga`)

SPEC REPOS:
  trunk:
    - AppAuth
    - AppCenter
    - AppCenterReactNativeShared
    - boost-for-react-native
    - Firebase
    - FirebaseABTesting
    - FirebaseAnalytics
    - FirebaseCore
    - FirebaseCoreDiagnostics
    - FirebaseInAppMessaging
    - FirebaseInstallations
    - FirebaseInstanceID
    - FirebaseMessaging
    - Flipper-DoubleConversion
    - Flipper-Folly
    - Flipper-Glog
    - fmt
    - GoogleAppMeasurement
    - GoogleDataTransport
    - GoogleSignIn
    - GoogleUtilities
    - GTMAppAuth
    - GTMSessionFetcher
    - hermes-engine
    - libevent
    - nanopb
    - OpenSSL-Universal
    - PromisesObjC

EXTERNAL SOURCES:
  appcenter-analytics:
    :path: "../node_modules/appcenter-analytics/ios"
  appcenter-core:
    :path: "../node_modules/appcenter/ios"
  appcenter-crashes:
    :path: "../node_modules/appcenter-crashes/ios"
  boost:
    :podspec: "../node_modules/react-native/third-party-podspecs/boost.podspec"
  DoubleConversion:
    :podspec: "../node_modules/react-native/third-party-podspecs/DoubleConversion.podspec"
  FBLazyVector:
    :path: "../node_modules/react-native/Libraries/FBLazyVector"
  FBReactNativeSpec:
    :path: "../node_modules/react-native/React/FBReactNativeSpec"
  glog:
    :podspec: "../node_modules/react-native/third-party-podspecs/glog.podspec"
  RCT-Folly:
    :podspec: "../node_modules/react-native/third-party-podspecs/RCT-Folly.podspec"
  RCTRequired:
    :path: "../node_modules/react-native/Libraries/RCTRequired"
  RCTTypeSafety:
    :path: "../node_modules/react-native/Libraries/TypeSafety"
  React:
    :path: "../node_modules/react-native/"
  React-callinvoker:
    :path: "../node_modules/react-native/ReactCommon/callinvoker"
  React-Core:
    :path: "../node_modules/react-native/"
  React-CoreModules:
    :path: "../node_modules/react-native/React/CoreModules"
  React-cxxreact:
    :path: "../node_modules/react-native/ReactCommon/cxxreact"
  React-hermes:
    :path: "../node_modules/react-native/ReactCommon/hermes"
  React-jsi:
    :path: "../node_modules/react-native/ReactCommon/jsi"
  React-jsiexecutor:
    :path: "../node_modules/react-native/ReactCommon/jsiexecutor"
  React-jsinspector:
    :path: "../node_modules/react-native/ReactCommon/jsinspector"
  React-logger:
    :path: "../node_modules/react-native/ReactCommon/logger"
  react-native-encrypted-storage:
    :path: "../node_modules/react-native-encrypted-storage"
  react-native-safe-area-context:
    :path: "../node_modules/react-native-safe-area-context"
  react-native-version-check:
    :path: "../node_modules/react-native-version-check"
  React-perflogger:
    :path: "../node_modules/react-native/ReactCommon/reactperflogger"
  React-RCTActionSheet:
    :path: "../node_modules/react-native/Libraries/ActionSheetIOS"
  React-RCTAnimation:
    :path: "../node_modules/react-native/Libraries/NativeAnimation"
  React-RCTBlob:
    :path: "../node_modules/react-native/Libraries/Blob"
  React-RCTImage:
    :path: "../node_modules/react-native/Libraries/Image"
  React-RCTLinking:
    :path: "../node_modules/react-native/Libraries/LinkingIOS"
  React-RCTNetwork:
    :path: "../node_modules/react-native/Libraries/Network"
  React-RCTSettings:
    :path: "../node_modules/react-native/Libraries/Settings"
  React-RCTText:
    :path: "../node_modules/react-native/Libraries/Text"
  React-RCTVibration:
    :path: "../node_modules/react-native/Libraries/Vibration"
  React-runtimeexecutor:
    :path: "../node_modules/react-native/ReactCommon/runtimeexecutor"
  ReactCommon:
    :path: "../node_modules/react-native/ReactCommon"
  ReactNativeART:
    :path: "../node_modules/@react-native-community/art"
  RNCAsyncStorage:
    :path: "../node_modules/@react-native-async-storage/async-storage"
  RNCMaskedView:
    :path: "../node_modules/@react-native-community/masked-view"
  RNDeviceInfo:
    :path: "../node_modules/react-native-device-info"
  RNFBApp:
    :path: "../node_modules/@react-native-firebase/app"
  RNFBMessaging:
    :path: "../node_modules/@react-native-firebase/messaging"
  RNGestureHandler:
    :path: "../node_modules/react-native-gesture-handler"
  RNGoogleSignin:
    :path: "../node_modules/@react-native-google-signin/google-signin"
  RNLocalize:
    :path: "../node_modules/react-native-localize"
  RNReanimated:
    :path: "../node_modules/react-native-reanimated"
  RNScreens:
    :path: "../node_modules/react-native-screens"
  RNVectorIcons:
    :path: "../node_modules/react-native-vector-icons"
  toolbar-android:
    :path: "../node_modules/@react-native-community/toolbar-android"
  Yoga:
    :path: "../node_modules/react-native/ReactCommon/yoga"

SPEC CHECKSUMS:
  AppAuth: 3bb1d1cd9340bd09f5ed189fb00b1cc28e1e8570
  AppCenter: 3fd04aa1b166e16fdb03ec81dabe488aece83fbd
  appcenter-analytics: 1b32062da2e250c5e1396c678df8c6011ccbcf5a
  appcenter-core: 6ea4754df4a3d8917a5803e2681a58179d7f7a21
  appcenter-crashes: b079913ac0f0059e6cf39b7a805135223e508666
  AppCenterReactNativeShared: f395caeabde0dc3a11609dbcb737d0f14cd40e79
  boost: a7c83b31436843459a1961bfd74b96033dc77234
  boost-for-react-native: 39c7adb57c4e60d6c5479dd8623128eb5b3f0f2c
  DoubleConversion: 831926d9b8bf8166fd87886c4abab286c2422662
  FBLazyVector: dce905f90eacf2e62ffbc2a4bbda8ea630aabd8a
  FBReactNativeSpec: 7444057cd46e87525b82f3e41f05e1db0d0029f2
  Firebase: c121feb35e4126c0b355e3313fa9b487d47319fd
  FirebaseABTesting: e66f1f80747792630d9b292966de206d5df9853b
  FirebaseAnalytics: cd3bd84d722a24a8923918af8af8e5236f615d77
  FirebaseCore: 907447d8917a4d3eb0cce2829c5a0ad21d90b432
  FirebaseCoreDiagnostics: 68ad972f99206cef818230f3f3179d52ccfb7f8c
  FirebaseInAppMessaging: 03f39409c6f5ce5fb2d0db9cc99e043c0a538ba0
  FirebaseInstallations: a58d4f72ec5861840b84df489f2668d970df558a
  FirebaseInstanceID: ad5135045a498d7775903efd39762d2cdfa1be27
  FirebaseMessaging: 163435fb6db065e3b6228f1e577b10ed2cc506d2
  Flipper-DoubleConversion: 2dc99b02f658daf147069aad9dbd29d8feb06d30
  Flipper-Folly: 755929a4f851b2fb2c347d533a23f191b008554c
  Flipper-Glog: 70c50ce58ddaf67dc35180db05f191692570f446
  fmt: ff9d55029c625d3757ed641535fd4a75fedc7ce9
  glog: 85ecdd10ee8d8ec362ef519a6a45ff9aa27b2e85
  GoogleAppMeasurement: fd19169c3034975cb934e865e5667bfdce59df7f
  GoogleDataTransport: cd9db2180fcecd8da1b561aea31e3e56cf834aa7
  GoogleSignIn: 5651ce3a61e56ca864160e79b484cd9ed3f49b7a
  GoogleUtilities: 13e2c67ede716b8741c7989e26893d151b2b2084
  GTMAppAuth: 0ff230db599948a9ad7470ca667337803b3fc4dd
  GTMSessionFetcher: 3a63d75eecd6aa32c2fc79f578064e1214dfdec2
  hermes-engine: bf7577d12ac6ccf53ab8b5af3c6ccf0dd8458c5c
  libevent: 4049cae6c81cdb3654a443be001fb9bdceff7913
  nanopb: a0ba3315591a9ae0a16a309ee504766e90db0c96
  OpenSSL-Universal: 1aa4f6a6ee7256b83db99ec1ccdaa80d10f9af9b
  PromisesObjC: 3113f7f76903778cf4a0586bd1ab89329a0b7b97
  RCT-Folly: 803a9cfd78114b2ec0f140cfa6fa2a6bafb2d685
  RCTRequired: 1af97c470c81e8cbb92c5ae42c4838ea95761743
  RCTTypeSafety: 809546c781453daf95eb1c40aa8b6970a4487028
  React: 8b9ebb24b000a0d76f3df4efae639744a9456f06
  React-callinvoker: 2c7a2de9d73dd90614c446eed718b8711f3fab2d
  React-Core: b77fcb770d593c141843ffa9f371ec5320bc5f15
  React-CoreModules: dca05923c9c4784831d412942eb9830f4993c0e5
  React-cxxreact: 8be245a67995fd13393d71fc51f764de2a348a5a
  React-hermes: 0d488bec4142bcefee082f3b852b78610f619893
  React-jsi: bf187938f904046595a52680a432dac91253603b
  React-jsiexecutor: 3001f865cfd2c66c1298f427be47b8797ae5843b
  React-jsinspector: c9d1ddf4b1efbcf90323e3581ccff200cf4de346
  React-logger: 5d42caeaf0c31a9b29efb33e10e7f7031f958bfd
  react-native-encrypted-storage: e78d848ce0fb663c2ce306e37921d026809322e6
  react-native-safe-area-context: e200d4433aba6b7e60b52da5f37af11f7a0b0392
  react-native-version-check: dc483031cdf65d9e947aea2d6a41142d010c7e59
  React-perflogger: 9454d63e7027e0830fa3e527628558160684f5dd
  React-RCTActionSheet: 240d798e2f5bd1ba2e85503a00fd390f560e6827
  React-RCTAnimation: 0ebf0df36838057097b8c6a30d1036531f8c7b1e
  React-RCTBlob: dec70fd2669ad1c95a7b8dbdb34a63ebc15c338b
  React-RCTImage: 055b27572570db92764f0e959161bdcbdc4bd461
  React-RCTLinking: a8e0f9cdf655cc85242ff33105a0af025a3b1a31
  React-RCTNetwork: 69e5f341e5f6c3cd004c32a7223d8e503d0be927
  React-RCTSettings: 0604e30fa8adeabbd3516e0e8d99a45f48883040
  React-RCTText: effa2b7834a7a10f1861d7d1c10a858faf72bb59
  React-RCTVibration: 7d7eb0db1f7f914945a606e0e91bb535099a07db
  React-runtimeexecutor: 4512c9287cc72ba30bb1d5e01e6bde7a69f2d22b
  ReactCommon: af6dd2c8c0de935841fa809caf41b2093bb9075c
  ReactNativeART: 78edc68dd4a1e675338cd0cd113319cf3a65f2ab
  RNCAsyncStorage: 8616bd5a58af409453ea4e1b246521bb76578d60
  RNCMaskedView: 5a8ec07677aa885546a0d98da336457e2bea557f
  RNDeviceInfo: 8a06046616c6b5c03787b04f265fa3b52b37c80b
  RNFBApp: 996860ad6832996faba79ef3f6ec2d3ea5870dd9
  RNFBMessaging: 8d84ceadc705ca6b6047c37376d2e2aaabcb8e3d
  RNGestureHandler: a479ebd5ed4221a810967000735517df0d2db211
  RNGoogleSignin: 22e468a9474dbcb8618d8847205ad4f0b2575d13
  RNLocalize: cbcb55d0e19c78086ea4eea20e03fe8000bbbced
  RNReanimated: 1326679461fa5d2399d54c18ca1432ba3e816b9e
  RNScreens: f7ad633b2e0190b77b6a7aab7f914fad6f198d8d
  RNVectorIcons: bc69e6a278b14842063605de32bec61f0b251a59
  toolbar-android: 2a73856e98b750d7e71ce4644d3f41cc98211719
  Yoga: 3f5bfc54ce164fcd5b5d7f9f4232182d6298dd56

PODFILE CHECKSUM: 76d497afc28fc94aae135a210276a9f6366b25b6

COCOAPODS: 1.12.1
